// !$*UTF8*$!
{
	archiveVersion = 1;
	classes = {
	};
	objectVersion = 55;
	objects = {

/* Begin PBXBuildFile section */
		41A98C7128A88D0500B3FDCC /* project_7_iExoenseApp.swift in Sources */ = {isa = PBXBuildFile; fileRef = 41A98C7028A88D0500B3FDCC /* project_7_iExoenseApp.swift */; };
		41A98C7328A88D0500B3FDCC /* ContentView.swift in Sources */ = {isa = PBXBuildFile; fileRef = 41A98C7228A88D0500B3FDCC /* ContentView.swift */; };
		41A98C7528A88D0600B3FDCC /* Assets.xcassets in Resources */ = {isa = PBXBuildFile; fileRef = 41A98C7428A88D0600B3FDCC /* Assets.xcassets */; };
		41A98C7828A88D0600B3FDCC /* Preview Assets.xcassets in Resources */ = {isa = PBXBuildFile; fileRef = 41A98C7728A88D0600B3FDCC /* Preview Assets.xcassets */; };
		41A98C7F28A88DE600B3FDCC /* ExpenseItem.swift in Sources */ = {isa = PBXBuildFile; fileRef = 41A98C7E28A88DE600B3FDCC /* ExpenseItem.swift */; };
		41A98C8128A88E7500B3FDCC /* Expenses.swift in Sources */ = {isa = PBXBuildFile; fileRef = 41A98C8028A88E7500B3FDCC /* Expenses.swift */; };
		41A98C8328A896E900B3FDCC /* AddView.swift in Sources */ = {isa = PBXBuildFile; fileRef = 41A98C8228A896E900B3FDCC /* AddView.swift */; };
/* End PBXBuildFile section */

/* Begin PBXFileReference section */
		41A98C6D28A88D0500B3FDCC /* project-7-iExoense.app */ = {isa = PBXFileReference; explicitFileType = wrapper.application; includeInIndex = 0; path = "project-7-iExoense.app"; sourceTree = BUILT_PRODUCTS_DIR; };
		41A98C7028A88D0500B3FDCC /* project_7_iExoenseApp.swift */ = {isa = PBXFileReference; lastKnownFileType = sourcecode.swift; path = project_7_iExoenseApp.swift; sourceTree = "<group>"; };
		41A98C7228A88D0500B3FDCC /* ContentView.swift */ = {isa = PBXFileReference; lastKnownFileType = sourcecode.swift; path = ContentView.swift; sourceTree = "<group>"; };
		41A98C7428A88D0600B3FDCC /* Assets.xcassets */ = {isa = PBXFileReference; lastKnownFileType = folder.assetcatalog; path = Assets.xcassets; sourceTree = "<group>"; };
		41A98C7728A88D0600B3FDCC /* Preview Assets.xcassets */ = {isa = PBXFileReference; lastKnownFileType = folder.assetcatalog; path = "Preview Assets.xcassets"; sourceTree = "<group>"; };
		41A98C7E28A88DE600B3FDCC /* ExpenseItem.swift */ = {isa = PBXFileReference; lastKnownFileType = sourcecode.swift; path = ExpenseItem.swift; sourceTree = "<group>"; };
		41A98C8028A88E7500B3FDCC /* Expenses.swift */ = {isa = PBXFileReference; lastKnownFileType = sourcecode.swift; path = Expenses.swift; sourceTree = "<group>"; };
		41A98C8228A896E900B3FDCC /* AddView.swift */ = {isa = PBXFileReference; lastKnownFileType = sourcecode.swift; path = AddView.swift; sourceTree = "<group>"; };
/* End PBXFileReference section */

/* Begin PBXFrameworksBuildPhase section */
		41A98C6A28A88D0500B3FDCC /* Frameworks */ = {
			isa = PBXFrameworksBuildPhase;
			buildActionMask = 2147483647;
			files = (
			);
			runOnlyForDeploymentPostprocessing = 0;
		};
/* End PBXFrameworksBuildPhase section */

/* Begin PBXGroup section */
		41A98C6428A88D0500B3FDCC = {
			isa = PBXGroup;
			children = (
				41A98C6F28A88D0500B3FDCC /* project-7-iExoense */,
				41A98C6E28A88D0500B3FDCC /* Products */,
			);
			sourceTree = "<group>";
		};
		41A98C6E28A88D0500B3FDCC /* Products */ = {
			isa = PBXGroup;
			children = (
				41A98C6D28A88D0500B3FDCC /* project-7-iExoense.app */,
			);
			name = Products;
			sourceTree = "<group>";
		};
		41A98C6F28A88D0500B3FDCC /* project-7-iExoense */ = {
			isa = PBXGroup;
			children = (
				41A98C7028A88D0500B3FDCC /* project_7_iExoenseApp.swift */,
				41A98C7228A88D0500B3FDCC /* ContentView.swift */,
				41A98C8228A896E900B3FDCC /* AddView.swift */,
				41A98C7E28A88DE600B3FDCC /* ExpenseItem.swift */,
				41A98C8028A88E7500B3FDCC /* Expenses.swift */,
				41A98C7428A88D0600B3FDCC /* Assets.xcassets */,
				41A98C7628A88D0600B3FDCC /* Preview Content */,
			);
			path = "project-7-iExoense";
			sourceTree = "<group>";
		};
		41A98C7628A88D0600B3FDCC /* Preview Content */ = {
			isa = PBXGroup;
			children = (
				41A98C7728A88D0600B3FDCC /* Preview Assets.xcassets */,
			);
			path = "Preview Content";
			sourceTree = "<group>";
		};
/* End PBXGroup section */

/* Begin PBXNativeTarget section */
		41A98C6C28A88D0500B3FDCC /* project-7-iExoense */ = {
			isa = PBXNativeTarget;
			buildConfigurationList = 41A98C7B28A88D0600B3FDCC /* Build configuration list for PBXNativeTarget "project-7-iExoense" */;
			buildPhases = (
				41A98C6928A88D0500B3FDCC /* Sources */,
				41A98C6A28A88D0500B3FDCC /* Frameworks */,
				41A98C6B28A88D0500B3FDCC /* Resources */,
			);
			buildRules = (
			);
			dependencies = (
			);
			name = "project-7-iExoense";
			productName = "project-7-iExoense";
			productReference = 41A98C6D28A88D0500B3FDCC /* project-7-iExoense.app */;
			productType = "com.apple.product-type.application";
		};
/* End PBXNativeTarget section */

/* Begin PBXProject section */
		41A98C6528A88D0500B3FDCC /* Project object */ = {
			isa = PBXProject;
			attributes = {
				BuildIndependentTargetsInParallel = 1;
				LastSwiftUpdateCheck = 1340;
				LastUpgradeCheck = 1340;
				TargetAttributes = {
					41A98C6C28A88D0500B3FDCC = {
						CreatedOnToolsVersion = 13.4.1;
					};
				};
			};
			buildConfigurationList = 41A98C6828A88D0500B3FDCC /* Build configuration list for PBXProject "project-7-iExoense" */;
			compatibilityVersion = "Xcode 13.0";
			developmentRegion = en;
			hasScannedForEncodings = 0;
			knownRegions = (
				en,
				Base,
			);
			mainGroup = 41A98C6428A88D0500B3FDCC;
			productRefGroup = 41A98C6E28A88D0500B3FDCC /* Products */;
			projectDirPath = "";
			projectRoot = "";
			targets = (
				41A98C6C28A88D0500B3FDCC /* project-7-iExoense */,
			);
		};
/* End PBXProject section */

/* Begin PBXResourcesBuildPhase section */
		41A98C6B28A88D0500B3FDCC /* Resources */ = {
			isa = PBXResourcesBuildPhase;
			buildActionMask = 2147483647;
			files = (
				41A98C7828A88D0600B3FDCC /* Preview Assets.xcassets in Resources */,
				41A98C7528A88D0600B3FDCC /* Assets.xcassets in Resources */,
			);
			runOnlyForDeploymentPostprocessing = 0;
		};
/* End PBXResourcesBuildPhase section */

/* Begin PBXSourcesBuildPhase section */
		41A98C6928A88D0500B3FDCC /* Sources */ = {
			isa = PBXSourcesBuildPhase;
			buildActionMask = 2147483647;
			files = (
				41A98C8128A88E7500B3FDCC /* Expenses.swift in Sources */,
				41A98C7328A88D0500B3FDCC /* ContentView.swift in Sources */,
				41A98C8328A896E900B3FDCC /* AddView.swift in Sources */,
				41A98C7F28A88DE600B3FDCC /* ExpenseItem.swift in Sources */,
				41A98C7128A88D0500B3FDCC /* project_7_iExoenseApp.swift in Sources */,
			);
			runOnlyForDeploymentPostprocessing = 0;
		};
/* End PBXSourcesBuildPhase section */

/* Begin XCBuildConfiguration section */
		41A98C7928A88D0600B3FDCC /* Debug */ = {
			isa = XCBuildConfiguration;
			buildSettings = {
				ALWAYS_SEARCH_USER_PATHS = NO;
				CLANG_ANALYZER_NONNULL = YES;
				CLANG_ANALYZER_NUMBER_OBJECT_CONVERSION = YES_AGGRESSIVE;
				CLANG_CXX_LANGUAGE_STANDARD = "gnu++17";
				CLANG_ENABLE_MODULES = YES;
				CLANG_ENABLE_OBJC_ARC = YES;
				CLANG_ENABLE_OBJC_WEAK = YES;
				CLANG_WARN_BLOCK_CAPTURE_AUTORELEASING = YES;
				CLANG_WARN_BOOL_CONVERSION = YES;
				CLANG_WARN_COMMA = YES;
				CLANG_WARN_CONSTANT_CONVERSION = YES;
				CLANG_WARN_DEPRECATED_OBJC_IMPLEMENTATIONS = YES;
				CLANG_WARN_DIRECT_OBJC_ISA_USAGE = YES_ERROR;
				CLANG_WARN_DOCUMENTATION_COMMENTS = YES;
				CLANG_WARN_EMPTY_BODY = YES;
				CLANG_WARN_ENUM_CONVERSION = YES;
				CLANG_WARN_INFINITE_RECURSION = YES;
				CLANG_WARN_INT_CONVERSION = YES;
				CLANG_WARN_NON_LITERAL_NULL_CONVERSION = YES;
				CLANG_WARN_OBJC_IMPLICIT_RETAIN_SELF = YES;
				CLANG_WARN_OBJC_LITERAL_CONVERSION = YES;
				CLANG_WARN_OBJC_ROOT_CLASS = YES_ERROR;
				CLANG_WARN_QUOTED_INCLUDE_IN_FRAMEWORK_HEADER = YES;
				CLANG_WARN_RANGE_LOOP_ANALYSIS = YES;
				CLANG_WARN_STRICT_PROTOTYPES = YES;
				CLANG_WARN_SUSPICIOUS_MOVE = YES;
				CLANG_WARN_UNGUARDED_AVAILABILITY = YES_AGGRESSIVE;
				CLANG_WARN_UNREACHABLE_CODE = YES;
				CLANG_WARN__DUPLICATE_METHOD_MATCH = YES;
				COPY_PHASE_STRIP = NO;
				DEBUG_INFORMATION_FORMAT = dwarf;
				ENABLE_STRICT_OBJC_MSGSEND = YES;
				ENABLE_TESTABILITY = YES;
				GCC_C_LANGUAGE_STANDARD = gnu11;
				GCC_DYNAMIC_NO_PIC = NO;
				GCC_NO_COMMON_BLOCKS = YES;
				GCC_OPTIMIZATION_LEVEL = 0;
				GCC_PREPROCESSOR_DEFINITIONS = (
					"DEBUG=1",
					"$(inherited)",
				);
				GCC_WARN_64_TO_32_BIT_CONVERSION = YES;
				GCC_WARN_ABOUT_RETURN_TYPE = YES_ERROR;
				GCC_WARN_UNDECLARED_SELECTOR = YES;
				GCC_WARN_UNINITIALIZED_AUTOS = YES_AGGRESSIVE;
				GCC_WARN_UNUSED_FUNCTION = YES;
				GCC_WARN_UNUSED_VARIABLE = YES;
				IPHONEOS_DEPLOYMENT_TARGET = 15.5;
				MTL_ENABLE_DEBUG_INFO = INCLUDE_SOURCE;
				MTL_FAST_MATH = YES;
				ONLY_ACTIVE_ARCH = YES;
				SDKROOT = iphoneos;
				SWIFT_ACTIVE_COMPILATION_CONDITIONS = DEBUG;
				SWIFT_OPTIMIZATION_LEVEL = "-Onone";
			};
			name = Debug;
		};
		41A98C7A28A88D0600B3FDCC /* Release */ = {
			isa = XCBuildConfiguration;
			buildSettings = {
				ALWAYS_SEARCH_USER_PATHS = NO;
				CLANG_ANALYZER_NONNULL = YES;
				CLANG_ANALYZER_NUMBER_OBJECT_CONVERSION = YES_AGGRESSIVE;
				CLANG_CXX_LANGUAGE_STANDARD = "gnu++17";
				CLANG_ENABLE_MODULES = YES;
				CLANG_ENABLE_OBJC_ARC = YES;
				CLANG_ENABLE_OBJC_WEAK = YES;
				CLANG_WARN_BLOCK_CAPTURE_AUTORELEASING = YES;
				CLANG_WARN_BOOL_CONVERSION = YES;
				CLANG_WARN_COMMA = YES;
				CLANG_WARN_CONSTANT_CONVERSION = YES;
				CLANG_WARN_DEPRECATED_OBJC_IMPLEMENTATIONS = YES;
				CLANG_WARN_DIRECT_OBJC_ISA_USAGE = YES_ERROR;
				CLANG_WARN_DOCUMENTATION_COMMENTS = YES;
				CLANG_WARN_EMPTY_BODY = YES;
				CLANG_WARN_ENUM_CONVERSION = YES;
				CLANG_WARN_INFINITE_RECURSION = YES;
				CLANG_WARN_INT_CONVERSION = YES;
				CLANG_WARN_NON_LITERAL_NULL_CONVERSION = YES;
				CLANG_WARN_OBJC_IMPLICIT_RETAIN_SELF = YES;
				CLANG_WARN_OBJC_LITERAL_CONVERSION = YES;
				CLANG_WARN_OBJC_ROOT_CLASS = YES_ERROR;
				CLANG_WARN_QUOTED_INCLUDE_IN_FRAMEWORK_HEADER = YES;
				CLANG_WARN_RANGE_LOOP_ANALYSIS = YES;
				CLANG_WARN_STRICT_PROTOTYPES = YES;
				CLANG_WARN_SUSPICIOUS_MOVE = YES;
				CLANG_WARN_UNGUARDED_AVAILABILITY = YES_AGGRESSIVE;
				CLANG_WARN_UNREACHABLE_CODE = YES;
				CLANG_WARN__DUPLICATE_METHOD_MATCH = YES;
				COPY_PHASE_STRIP = NO;
				DEBUG_INFORMATION_FORMAT = "dwarf-with-dsym";
				ENABLE_NS_ASSERTIONS = NO;
				ENABLE_STRICT_OBJC_MSGSEND = YES;
				GCC_C_LANGUAGE_STANDARD = gnu11;
				GCC_NO_COMMON_BLOCKS = YES;
				GCC_WARN_64_TO_32_BIT_CONVERSION = YES;
				GCC_WARN_ABOUT_RETURN_TYPE = YES_ERROR;
				GCC_WARN_UNDECLARED_SELECTOR = YES;
				GCC_WARN_UNINITIALIZED_AUTOS = YES_AGGRESSIVE;
				GCC_WARN_UNUSED_FUNCTION = YES;
				GCC_WARN_UNUSED_VARIABLE = YES;
				IPHONEOS_DEPLOYMENT_TARGET = 15.5;
				MTL_ENABLE_DEBUG_INFO = NO;
				MTL_FAST_MATH = YES;
				SDKROOT = iphoneos;
				SWIFT_COMPILATION_MODE = wholemodule;
				SWIFT_OPTIMIZATION_LEVEL = "-O";
				VALIDATE_PRODUCT = YES;
			};
			name = Release;
		};
		41A98C7C28A88D0600B3FDCC /* Debug */ = {
			isa = XCBuildConfiguration;
			buildSettings = {
				ASSETCATALOG_COMPILER_APPICON_NAME = AppIcon;
				ASSETCATALOG_COMPILER_GLOBAL_ACCENT_COLOR_NAME = AccentColor;
				CODE_SIGN_STYLE = Automatic;
				CURRENT_PROJECT_VERSION = 1;
				DEVELOPMENT_ASSET_PATHS = "\"project-7-iExoense/Preview Content\"";
				DEVELOPMENT_TEAM = 9RNHKLVM64;
				ENABLE_PREVIEWS = YES;
				GENERATE_INFOPLIST_FILE = YES;
				INFOPLIST_KEY_UIApplicationSceneManifest_Generation = YES;
				INFOPLIST_KEY_UIApplicationSupportsIndirectInputEvents = YES;
				INFOPLIST_KEY_UILaunchScreen_Generation = YES;
				INFOPLIST_KEY_UISupportedInterfaceOrientations_iPad = "UIInterfaceOrientationPortrait UIInterfaceOrientationPortraitUpsideDown UIInterfaceOrientationLandscapeLeft UIInterfaceOrientationLandscapeRight";
				INFOPLIST_KEY_UISupportedInterfaceOrientations_iPhone = "UIInterfaceOrientationPortrait UIInterfaceOrientationLandscapeLeft UIInterfaceOrientationLandscapeRight";
				LD_RUNPATH_SEARCH_PATHS = (
					"$(inherited)",
					"@executable_path/Frameworks",
				);
				MARKETING_VERSION = 1.0;
				PRODUCT_BUNDLE_IDENTIFIER = "com.project-7-iExoense";
				PRODUCT_NAME = "$(TARGET_NAME)";
				SWIFT_EMIT_LOC_STRINGS = YES;
				SWIFT_VERSION = 5.0;
				TARGETED_DEVICE_FAMILY = "1,2";
			};
			name = Debug;
		};
		41A98C7D28A88D0600B3FDCC /* Release */ = {
			isa = XCBuildConfiguration;
			buildSettings = {
				ASSETCATALOG_COMPILER_APPICON_NAME = AppIcon;
				ASSETCATALOG_COMPILER_GLOBAL_ACCENT_COLOR_NAME = AccentColor;
				CODE_SIGN_STYLE = Automatic;
				CURRENT_PROJECT_VERSION = 1;
				DEVELOPMENT_ASSET_PATHS = "\"project-7-iExoense/Preview Content\"";
				DEVELOPMENT_TEAM = 9RNHKLVM64;
				ENABLE_PREVIEWS = YES;
				GENERATE_INFOPLIST_FILE = YES;
				INFOPLIST_KEY_UIApplicationSceneManifest_Generation = YES;
				INFOPLIST_KEY_UIApplicationSupportsIndirectInputEvents = YES;
				INFOPLIST_KEY_UILaunchScreen_Generation = YES;
				INFOPLIST_KEY_UISupportedInterfaceOrientations_iPad = "UIInterfaceOrientationPortrait UIInterfaceOrientationPortraitUpsideDown UIInterfaceOrientationLandscapeLeft UIInterfaceOrientationLandscapeRight";
				INFOPLIST_KEY_UISupportedInterfaceOrientations_iPhone = "UIInterfaceOrientationPortrait UIInterfaceOrientationLandscapeLeft UIInterfaceOrientationLandscapeRight";
				LD_RUNPATH_SEARCH_PATHS = (
					"$(inherited)",
					"@executable_path/Frameworks",
				);
				MARKETING_VERSION = 1.0;
				PRODUCT_BUNDLE_IDENTIFIER = "com.project-7-iExoense";
				PRODUCT_NAME = "$(TARGET_NAME)";
				SWIFT_EMIT_LOC_STRINGS = YES;
				SWIFT_VERSION = 5.0;
				TARGETED_DEVICE_FAMILY = "1,2";
			};
			name = Release;
		};
/* End XCBuildConfiguration section */

/* Begin XCConfigurationList section */
		41A98C6828A88D0500B3FDCC /* Build configuration list for PBXProject "project-7-iExoense" */ = {
			isa = XCConfigurationList;
			buildConfigurations = (
				41A98C7928A88D0600B3FDCC /* Debug */,
				41A98C7A28A88D0600B3FDCC /* Release */,
			);
			defaultConfigurationIsVisible = 0;
			defaultConfigurationName = Release;
		};
		41A98C7B28A88D0600B3FDCC /* Build configuration list for PBXNativeTarget "project-7-iExoense" */ = {
			isa = XCConfigurationList;
			buildConfigurations = (
				41A98C7C28A88D0600B3FDCC /* Debug */,
				41A98C7D28A88D0600B3FDCC /* Release */,
			);
			defaultConfigurationIsVisible = 0;
			defaultConfigurationName = Release;
		};
/* End XCConfigurationList section */
	};
	rootObject = 41A98C6528A88D0500B3FDCC /* Project object */;
}
